{
  "name": "bf-interpreter",
  "version": "1.0.3",
  "lockfileVersion": 3,
  "requires": true,
  "packages": {
    "": {
      "name": "bf-interpreter",
      "version": "1.0.3",
      "license": "ISC",
      "dependencies": {
        "brainfuck-interpreter": "^1.0.1",
        "readline-sync": "^1.4.10"
      },
      "bin": {
        "bf": "bin/cli"
      }
    },
    "node_modules/brainfuck-interpreter": {
      "version": "1.0.1",
      "resolved": "https://registry.npmjs.org/brainfuck-interpreter/-/brainfuck-interpreter-1.0.1.tgz",
      "integrity": "sha512-ooRStEigCsKcD6V4JoipwNIH5oqe3T5aCElxC5pzkSd4lbOekKx2xrib6aHsLBJk9hn5CINxoFj3eDm7keuMGA==",
      "dependencies": {
        "readline-sync": "^1.4.10"
      }
    },
    "node_modules/readline-sync": {
      "version": "1.4.10",
      "resolved": "https://registry.npmjs.org/readline-sync/-/readline-sync-1.4.10.tgz",
      "integrity": "sha512-gNva8/6UAe8QYepIQH/jQ2qn91Qj0B9sYjMBBs3QOB8F2CXcKgLxQaJRP76sWVRQt+QU+8fAkCbCvjjMFu7Ycw==",
      "engines": {
        "node": ">= 0.8.0"
      }
    }
  }
}
